
Microsoft Visual Studio Solution File, Format Version 12.00
# Visual Studio Version 17
VisualStudioVersion = 17.11.35327.3
MinimumVisualStudioVersion = 10.0.40219.1
Project("{FAE04EC0-301F-11D3-BF4B-00C04F79EFBC}") = "WebApiPerson", "WebApiPerson\WebApiPerson.csproj", "{DBD3E3D6-0FD4-4D82-BEC9-00EC18C6BDE5}"
EndProject
Global
	GlobalSection(SolutionConfigurationPlatforms) = preSolution
		Debug|Any CPU = Debug|Any CPU
		Release|Any CPU = Release|Any CPU
	EndGlobalSection
	GlobalSection(ProjectConfigurationPlatforms) = postSolution
		{DBD3E3D6-0FD4-4D82-BEC9-00EC18C6BDE5}.Debug|Any CPU.ActiveCfg = Debug|Any CPU
		{DBD3E3D6-0FD4-4D82-BEC9-00EC18C6BDE5}.Debug|Any CPU.Build.0 = Debug|Any CPU
		{DBD3E3D6-0FD4-4D82-BEC9-00EC18C6BDE5}.Release|Any CPU.ActiveCfg = Release|Any CPU
		{DBD3E3D6-0FD4-4D82-BEC9-00EC18C6BDE5}.Release|Any CPU.Build.0 = Release|Any CPU
	EndGlobalSection
	GlobalSection(SolutionProperties) = preSolution
		HideSolutionNode = FALSE
	EndGlobalSection
	GlobalSection(ExtensibilityGlobals) = postSolution
		SolutionGuid = {B007FE4F-586A-4CE6-BF6C-5BA5130B4921}
	EndGlobalSection
EndGlobal
